// !$*UTF8*$!
{
	archiveVersion = 1;
	classes = {
	};
	objectVersion = 50;
	objects = {

/* Begin PBXBuildFile section */
		06EA1924E6FA93F757E9477E /* Pods_A.framework in Frameworks */ = {isa = PBXBuildFile; fileRef = CCF4892941B7C210DAC15A47 /* Pods_A.framework */; };
		10BE070D2296AD2D00E13276 /* AppDelegate.m in Sources */ = {isa = PBXBuildFile; fileRef = 10BE070C2296AD2D00E13276 /* AppDelegate.m */; };
		10BE07102296AD2D00E13276 /* ViewController.m in Sources */ = {isa = PBXBuildFile; fileRef = 10BE070F2296AD2D00E13276 /* ViewController.m */; };
		10BE07132296AD2D00E13276 /* Main.storyboard in Resources */ = {isa = PBXBuildFile; fileRef = 10BE07112296AD2D00E13276 /* Main.storyboard */; };
		10BE07152296AD2E00E13276 /* Assets.xcassets in Resources */ = {isa = PBXBuildFile; fileRef = 10BE07142296AD2E00E13276 /* Assets.xcassets */; };
		10BE07182296AD2E00E13276 /* LaunchScreen.storyboard in Resources */ = {isa = PBXBuildFile; fileRef = 10BE07162296AD2E00E13276 /* LaunchScreen.storyboard */; };
		10BE071B2296AD2E00E13276 /* main.m in Sources */ = {isa = PBXBuildFile; fileRef = 10BE071A2296AD2E00E13276 /* main.m */; };
		10BE07232296AD5400E13276 /* AViewController.m in Sources */ = {isa = PBXBuildFile; fileRef = 10BE07222296AD5400E13276 /* AViewController.m */; };
/* End PBXBuildFile section */

/* Begin PBXFileReference section */
		10BE07082296AD2D00E13276 /* A.app */ = {isa = PBXFileReference; explicitFileType = wrapper.application; includeInIndex = 0; path = A.app; sourceTree = BUILT_PRODUCTS_DIR; };
		10BE070B2296AD2D00E13276 /* AppDelegate.h */ = {isa = PBXFileReference; lastKnownFileType = sourcecode.c.h; path = AppDelegate.h; sourceTree = "<group>"; };
		10BE070C2296AD2D00E13276 /* AppDelegate.m */ = {isa = PBXFileReference; lastKnownFileType = sourcecode.c.objc; path = AppDelegate.m; sourceTree = "<group>"; };
		10BE070E2296AD2D00E13276 /* ViewController.h */ = {isa = PBXFileReference; lastKnownFileType = sourcecode.c.h; path = ViewController.h; sourceTree = "<group>"; };
		10BE070F2296AD2D00E13276 /* ViewController.m */ = {isa = PBXFileReference; lastKnownFileType = sourcecode.c.objc; path = ViewController.m; sourceTree = "<group>"; };
		10BE07122296AD2D00E13276 /* Base */ = {isa = PBXFileReference; lastKnownFileType = file.storyboard; name = Base; path = Base.lproj/Main.storyboard; sourceTree = "<group>"; };
		10BE07142296AD2E00E13276 /* Assets.xcassets */ = {isa = PBXFileReference; lastKnownFileType = folder.assetcatalog; path = Assets.xcassets; sourceTree = "<group>"; };
		10BE07172296AD2E00E13276 /* Base */ = {isa = PBXFileReference; lastKnownFileType = file.storyboard; name = Base; path = Base.lproj/LaunchScreen.storyboard; sourceTree = "<group>"; };
		10BE07192296AD2E00E13276 /* Info.plist */ = {isa = PBXFileReference; lastKnownFileType = text.plist.xml; path = Info.plist; sourceTree = "<group>"; };
		10BE071A2296AD2E00E13276 /* main.m */ = {isa = PBXFileReference; lastKnownFileType = sourcecode.c.objc; path = main.m; sourceTree = "<group>"; };
		10BE07212296AD5400E13276 /* AViewController.h */ = {isa = PBXFileReference; lastKnownFileType = sourcecode.c.h; name = AViewController.h; path = A/AViewController.h; sourceTree = "<group>"; };
		10BE07222296AD5400E13276 /* AViewController.m */ = {isa = PBXFileReference; lastKnownFileType = sourcecode.c.objc; name = AViewController.m; path = A/AViewController.m; sourceTree = "<group>"; };
		7FE05667C23A72E64C7B1439 /* Pods-A.release.xcconfig */ = {isa = PBXFileReference; includeInIndex = 1; lastKnownFileType = text.xcconfig; name = "Pods-A.release.xcconfig"; path = "Target Support Files/Pods-A/Pods-A.release.xcconfig"; sourceTree = "<group>"; };
		CCF4892941B7C210DAC15A47 /* Pods_A.framework */ = {isa = PBXFileReference; explicitFileType = wrapper.framework; includeInIndex = 0; path = Pods_A.framework; sourceTree = BUILT_PRODUCTS_DIR; };
		EDB1C3C2B6FF103ED2B47BB6 /* Pods-A.debug.xcconfig */ = {isa = PBXFileReference; includeInIndex = 1; lastKnownFileType = text.xcconfig; name = "Pods-A.debug.xcconfig"; path = "Target Support Files/Pods-A/Pods-A.debug.xcconfig"; sourceTree = "<group>"; };
/* End PBXFileReference section */

/* Begin PBXFrameworksBuildPhase section */
		10BE07052296AD2D00E13276 /* Frameworks */ = {
			isa = PBXFrameworksBuildPhase;
			buildActionMask = 2147483647;
			files = (
				06EA1924E6FA93F757E9477E /* Pods_A.framework in Frameworks */,
			);
			runOnlyForDeploymentPostprocessing = 0;
		};
/* End PBXFrameworksBuildPhase section */

/* Begin PBXGroup section */
		10BE06FF2296AD2D00E13276 = {
			isa = PBXGroup;
			children = (
				10BE070A2296AD2D00E13276 /* A */,
				10BE07092296AD2D00E13276 /* Products */,
				3F0316257CDCBDDFEAC9C1B2 /* Pods */,
				369562B3A469BBA30D2F6A7D /* Frameworks */,
			);
			sourceTree = "<group>";
		};
		10BE07092296AD2D00E13276 /* Products */ = {
			isa = PBXGroup;
			children = (
				10BE07082296AD2D00E13276 /* A.app */,
			);
			name = Products;
			sourceTree = "<group>";
		};
		10BE070A2296AD2D00E13276 /* A */ = {
			isa = PBXGroup;
			children = (
				10BE070B2296AD2D00E13276 /* AppDelegate.h */,
				10BE070C2296AD2D00E13276 /* AppDelegate.m */,
				10BE070E2296AD2D00E13276 /* ViewController.h */,
				10BE070F2296AD2D00E13276 /* ViewController.m */,
				10BE07112296AD2D00E13276 /* Main.storyboard */,
				10BE07142296AD2E00E13276 /* Assets.xcassets */,
				10BE07162296AD2E00E13276 /* LaunchScreen.storyboard */,
				10BE07192296AD2E00E13276 /* Info.plist */,
				10BE071A2296AD2E00E13276 /* main.m */,
				10BE07212296AD5400E13276 /* AViewController.h */,
				10BE07222296AD5400E13276 /* AViewController.m */,
			);
			path = A;
			sourceTree = "<group>";
		};
		369562B3A469BBA30D2F6A7D /* Frameworks */ = {
			isa = PBXGroup;
			children = (
				CCF4892941B7C210DAC15A47 /* Pods_A.framework */,
			);
			name = Frameworks;
			sourceTree = "<group>";
		};
		3F0316257CDCBDDFEAC9C1B2 /* Pods */ = {
			isa = PBXGroup;
			children = (
				EDB1C3C2B6FF103ED2B47BB6 /* Pods-A.debug.xcconfig */,
				7FE05667C23A72E64C7B1439 /* Pods-A.release.xcconfig */,
			);
			name = Pods;
			path = Pods;
			sourceTree = "<group>";
		};
/* End PBXGroup section */

/* Begin PBXNativeTarget section */
		10BE07072296AD2D00E13276 /* A */ = {
			isa = PBXNativeTarget;
			buildConfigurationList = 10BE071E2296AD2E00E13276 /* Build configuration list for PBXNativeTarget "A" */;
			buildPhases = (
				DB2139F4E52181C083C6911B /* [CP] Check Pods Manifest.lock */,
				10BE07042296AD2D00E13276 /* Sources */,
				10BE07052296AD2D00E13276 /* Frameworks */,
				10BE07062296AD2D00E13276 /* Resources */,
				8084525BA8F20FDFAAC33D01 /* [CP] Embed Pods Frameworks */,
			);
			buildRules = (
			);
			dependencies = (
			);
			name = A;
			productName = A;
			productReference = 10BE07082296AD2D00E13276 /* A.app */;
			productType = "com.apple.product-type.application";
		};
/* End PBXNativeTarget section */

/* Begin PBXProject section */
		10BE07002296AD2D00E13276 /* Project object */ = {
			isa = PBXProject;
			attributes = {
				LastUpgradeCheck = 1020;
				ORGANIZATIONNAME = lcb;
				TargetAttributes = {
					10BE07072296AD2D00E13276 = {
						CreatedOnToolsVersion = 10.2.1;
					};
				};
			};
			buildConfigurationList = 10BE07032296AD2D00E13276 /* Build configuration list for PBXProject "A" */;
			compatibilityVersion = "Xcode 9.3";
			developmentRegion = en;
			hasScannedForEncodings = 0;
			knownRegions = (
				en,
				Base,
			);
			mainGroup = 10BE06FF2296AD2D00E13276;
			productRefGroup = 10BE07092296AD2D00E13276 /* Products */;
			projectDirPath = "";
			projectRoot = "";
			targets = (
				10BE07072296AD2D00E13276 /* A */,
			);
		};
/* End PBXProject section */

/* Begin PBXResourcesBuildPhase section */
		10BE07062296AD2D00E13276 /* Resources */ = {
			isa = PBXResourcesBuildPhase;
			buildActionMask = 2147483647;
			files = (
				10BE07182296AD2E00E13276 /* LaunchScreen.storyboard in Resources */,
				10BE07152296AD2E00E13276 /* Assets.xcassets in Resources */,
				10BE07132296AD2D00E13276 /* Main.storyboard in Resources */,
			);
			runOnlyForDeploymentPostprocessing = 0;
		};
/* End PBXResourcesBuildPhase section */

/* Begin PBXShellScriptBuildPhase section */
		8084525BA8F20FDFAAC33D01 /* [CP] Embed Pods Frameworks */ = {
			isa = PBXShellScriptBuildPhase;
			buildActionMask = 2147483647;
			files = (
			);
			inputFileListPaths = (
				"${PODS_ROOT}/Target Support Files/Pods-A/Pods-A-frameworks-${CONFIGURATION}-input-files.xcfilelist",
			);
			name = "[CP] Embed Pods Frameworks";
			outputFileListPaths = (
				"${PODS_ROOT}/Target Support Files/Pods-A/Pods-A-frameworks-${CONFIGURATION}-output-files.xcfilelist",
			);
			runOnlyForDeploymentPostprocessing = 0;
			shellPath = /bin/sh;
			shellScript = "\"${PODS_ROOT}/Target Support Files/Pods-A/Pods-A-frameworks.sh\"\n";
			showEnvVarsInLog = 0;
		};
		DB2139F4E52181C083C6911B /* [CP] Check Pods Manifest.lock */ = {
			isa = PBXShellScriptBuildPhase;
			buildActionMask = 2147483647;
			files = (
			);
			inputFileListPaths = (
			);
			inputPaths = (
				"${PODS_PODFILE_DIR_PATH}/Podfile.lock",
				"${PODS_ROOT}/Manifest.lock",
			);
			name = "[CP] Check Pods Manifest.lock";
			outputFileListPaths = (
			);
			outputPaths = (
				"$(DERIVED_FILE_DIR)/Pods-A-checkManifestLockResult.txt",
			);
			runOnlyForDeploymentPostprocessing = 0;
			shellPath = /bin/sh;
			shellScript = "diff \"${PODS_PODFILE_DIR_PATH}/Podfile.lock\" \"${PODS_ROOT}/Manifest.lock\" > /dev/null\nif [ $? != 0 ] ; then\n    # print error to STDERR\n    echo \"error: The sandbox is not in sync with the Podfile.lock. Run 'pod install' or update your CocoaPods installation.\" >&2\n    exit 1\nfi\n# This output is used by Xcode 'outputs' to avoid re-running this script phase.\necho \"SUCCESS\" > \"${SCRIPT_OUTPUT_FILE_0}\"\n";
			showEnvVarsInLog = 0;
		};
/* End PBXShellScriptBuildPhase section */

/* Begin PBXSourcesBuildPhase section */
		10BE07042296AD2D00E13276 /* Sources */ = {
			isa = PBXSourcesBuildPhase;
			buildActionMask = 2147483647;
			files = (
				10BE07232296AD5400E13276 /* AViewController.m in Sources */,
				10BE07102296AD2D00E13276 /* ViewController.m in Sources */,
				10BE071B2296AD2E00E13276 /* main.m in Sources */,
				10BE070D2296AD2D00E13276 /* AppDelegate.m in Sources */,
			);
			runOnlyForDeploymentPostprocessing = 0;
		};
/* End PBXSourcesBuildPhase section */

/* Begin PBXVariantGroup section */
		10BE07112296AD2D00E13276 /* Main.storyboard */ = {
			isa = PBXVariantGroup;
			children = (
				10BE07122296AD2D00E13276 /* Base */,
			);
			name = Main.storyboard;
			sourceTree = "<group>";
		};
		10BE07162296AD2E00E13276 /* LaunchScreen.storyboard */ = {
			isa = PBXVariantGroup;
			children = (
				10BE07172296AD2E00E13276 /* Base */,
			);
			name = LaunchScreen.storyboard;
			sourceTree = "<group>";
		};
/* End PBXVariantGroup section */

/* Begin XCBuildConfiguration section */
		10BE071C2296AD2E00E13276 /* Debug */ = {
			isa = XCBuildConfiguration;
			buildSettings = {
				ALWAYS_SEARCH_USER_PATHS = NO;
				CLANG_ANALYZER_NONNULL = YES;
				CLANG_ANALYZER_NUMBER_OBJECT_CONVERSION = YES_AGGRESSIVE;
				CLANG_CXX_LANGUAGE_STANDARD = "gnu++14";
				CLANG_CXX_LIBRARY = "libc++";
				CLANG_ENABLE_MODULES = YES;
				CLANG_ENABLE_OBJC_ARC = YES;
				CLANG_ENABLE_OBJC_WEAK = YES;
				CLANG_WARN_BLOCK_CAPTURE_AUTORELEASING = YES;
				CLANG_WARN_BOOL_CONVERSION = YES;
				CLANG_WARN_COMMA = YES;
				CLANG_WARN_CONSTANT_CONVERSION = YES;
				CLANG_WARN_DEPRECATED_OBJC_IMPLEMENTATIONS = YES;
				CLANG_WARN_DIRECT_OBJC_ISA_USAGE = YES_ERROR;
				CLANG_WARN_DOCUMENTATION_COMMENTS = YES;
				CLANG_WARN_EMPTY_BODY = YES;
				CLANG_WARN_ENUM_CONVERSION = YES;
				CLANG_WARN_INFINITE_RECURSION = YES;
				CLANG_WARN_INT_CONVERSION = YES;
				CLANG_WARN_NON_LITERAL_NULL_CONVERSION = YES;
				CLANG_WARN_OBJC_IMPLICIT_RETAIN_SELF = YES;
				CLANG_WARN_OBJC_LITERAL_CONVERSION = YES;
				CLANG_WARN_OBJC_ROOT_CLASS = YES_ERROR;
				CLANG_WARN_RANGE_LOOP_ANALYSIS = YES;
				CLANG_WARN_STRICT_PROTOTYPES = YES;
				CLANG_WARN_SUSPICIOUS_MOVE = YES;
				CLANG_WARN_UNGUARDED_AVAILABILITY = YES_AGGRESSIVE;
				CLANG_WARN_UNREACHABLE_CODE = YES;
				CLANG_WARN__DUPLICATE_METHOD_MATCH = YES;
				CODE_SIGN_IDENTITY = "iPhone Developer";
				COPY_PHASE_STRIP = NO;
				DEBUG_INFORMATION_FORMAT = dwarf;
				ENABLE_STRICT_OBJC_MSGSEND = YES;
				ENABLE_TESTABILITY = YES;
				GCC_C_LANGUAGE_STANDARD = gnu11;
				GCC_DYNAMIC_NO_PIC = NO;
				GCC_NO_COMMON_BLOCKS = YES;
				GCC_OPTIMIZATION_LEVEL = 0;
				GCC_PREPROCESSOR_DEFINITIONS = (
					"DEBUG=1",
					"$(inherited)",
				);
				GCC_WARN_64_TO_32_BIT_CONVERSION = YES;
				GCC_WARN_ABOUT_RETURN_TYPE = YES_ERROR;
				GCC_WARN_UNDECLARED_SELECTOR = YES;
				GCC_WARN_UNINITIALIZED_AUTOS = YES_AGGRESSIVE;
				GCC_WARN_UNUSED_FUNCTION = YES;
				GCC_WARN_UNUSED_VARIABLE = YES;
				IPHONEOS_DEPLOYMENT_TARGET = 9.0;
				MTL_ENABLE_DEBUG_INFO = INCLUDE_SOURCE;
				MTL_FAST_MATH = YES;
				ONLY_ACTIVE_ARCH = YES;
				SDKROOT = iphoneos;
			};
			name = Debug;
		};
		10BE071D2296AD2E00E13276 /* Release */ = {
			isa = XCBuildConfiguration;
			buildSettings = {
				ALWAYS_SEARCH_USER_PATHS = NO;
				CLANG_ANALYZER_NONNULL = YES;
				CLANG_ANALYZER_NUMBER_OBJECT_CONVERSION = YES_AGGRESSIVE;
				CLANG_CXX_LANGUAGE_STANDARD = "gnu++14";
				CLANG_CXX_LIBRARY = "libc++";
				CLANG_ENABLE_MODULES = YES;
				CLANG_ENABLE_OBJC_ARC = YES;
				CLANG_ENABLE_OBJC_WEAK = YES;
				CLANG_WARN_BLOCK_CAPTURE_AUTORELEASING = YES;
				CLANG_WARN_BOOL_CONVERSION = YES;
				CLANG_WARN_COMMA = YES;
				CLANG_WARN_CONSTANT_CONVERSION = YES;
				CLANG_WARN_DEPRECATED_OBJC_IMPLEMENTATIONS = YES;
				CLANG_WARN_DIRECT_OBJC_ISA_USAGE = YES_ERROR;
				CLANG_WARN_DOCUMENTATION_COMMENTS = YES;
				CLANG_WARN_EMPTY_BODY = YES;
				CLANG_WARN_ENUM_CONVERSION = YES;
				CLANG_WARN_INFINITE_RECURSION = YES;
				CLANG_WARN_INT_CONVERSION = YES;
				CLANG_WARN_NON_LITERAL_NULL_CONVERSION = YES;
				CLANG_WARN_OBJC_IMPLICIT_RETAIN_SELF = YES;
				CLANG_WARN_OBJC_LITERAL_CONVERSION = YES;
				CLANG_WARN_OBJC_ROOT_CLASS = YES_ERROR;
				CLANG_WARN_RANGE_LOOP_ANALYSIS = YES;
				CLANG_WARN_STRICT_PROTOTYPES = YES;
				CLANG_WARN_SUSPICIOUS_MOVE = YES;
				CLANG_WARN_UNGUARDED_AVAILABILITY = YES_AGGRESSIVE;
				CLANG_WARN_UNREACHABLE_CODE = YES;
				CLANG_WARN__DUPLICATE_METHOD_MATCH = YES;
				CODE_SIGN_IDENTITY = "iPhone Developer";
				COPY_PHASE_STRIP = NO;
				DEBUG_INFORMATION_FORMAT = "dwarf-with-dsym";
				ENABLE_NS_ASSERTIONS = NO;
				ENABLE_STRICT_OBJC_MSGSEND = YES;
				GCC_C_LANGUAGE_STANDARD = gnu11;
				GCC_NO_COMMON_BLOCKS = YES;
				GCC_WARN_64_TO_32_BIT_CONVERSION = YES;
				GCC_WARN_ABOUT_RETURN_TYPE = YES_ERROR;
				GCC_WARN_UNDECLARED_SELECTOR = YES;
				GCC_WARN_UNINITIALIZED_AUTOS = YES_AGGRESSIVE;
				GCC_WARN_UNUSED_FUNCTION = YES;
				GCC_WARN_UNUSED_VARIABLE = YES;
				IPHONEOS_DEPLOYMENT_TARGET = 9.0;
				MTL_ENABLE_DEBUG_INFO = NO;
				MTL_FAST_MATH = YES;
				SDKROOT = iphoneos;
				VALIDATE_PRODUCT = YES;
			};
			name = Release;
		};
		10BE071F2296AD2E00E13276 /* Debug */ = {
			isa = XCBuildConfiguration;
			baseConfigurationReference = EDB1C3C2B6FF103ED2B47BB6 /* Pods-A.debug.xcconfig */;
			buildSettings = {
				ASSETCATALOG_COMPILER_APPICON_NAME = AppIcon;
				CODE_SIGN_STYLE = Automatic;
				DEVELOPMENT_TEAM = W7G7V7HCS3;
				INFOPLIST_FILE = A/Info.plist;
				IPHONEOS_DEPLOYMENT_TARGET = 9.0;
				LD_RUNPATH_SEARCH_PATHS = (
					"$(inherited)",
					"@executable_path/Frameworks",
				);
				PRODUCT_BUNDLE_IDENTIFIER = com.lcb123.A;
				PRODUCT_NAME = "$(TARGET_NAME)";
				TARGETED_DEVICE_FAMILY = "1,2";
			};
			name = Debug;
		};
		10BE07202296AD2E00E13276 /* Release */ = {
			isa = XCBuildConfiguration;
			baseConfigurationReference = 7FE05667C23A72E64C7B1439 /* Pods-A.release.xcconfig */;
			buildSettings = {
				ASSETCATALOG_COMPILER_APPICON_NAME = AppIcon;
				CODE_SIGN_STYLE = Automatic;
				DEVELOPMENT_TEAM = W7G7V7HCS3;
				INFOPLIST_FILE = A/Info.plist;
				IPHONEOS_DEPLOYMENT_TARGET = 9.0;
				LD_RUNPATH_SEARCH_PATHS = (
					"$(inherited)",
					"@executable_path/Frameworks",
				);
				PRODUCT_BUNDLE_IDENTIFIER = com.lcb123.A;
				PRODUCT_NAME = "$(TARGET_NAME)";
				TARGETED_DEVICE_FAMILY = "1,2";
			};
			name = Release;
		};
/* End XCBuildConfiguration section */

/* Begin XCConfigurationList section */
		10BE07032296AD2D00E13276 /* Build configuration list for PBXProject "A" */ = {
			isa = XCConfigurationList;
			buildConfigurations = (
				10BE071C2296AD2E00E13276 /* Debug */,
				10BE071D2296AD2E00E13276 /* Release */,
			);
			defaultConfigurationIsVisible = 0;
			defaultConfigurationName = Release;
		};
		10BE071E2296AD2E00E13276 /* Build configuration list for PBXNativeTarget "A" */ = {
			isa = XCConfigurationList;
			buildConfigurations = (
				10BE071F2296AD2E00E13276 /* Debug */,
				10BE07202296AD2E00E13276 /* Release */,
			);
			defaultConfigurationIsVisible = 0;
			defaultConfigurationName = Release;
		};
/* End XCConfigurationList section */
	};
	rootObject = 10BE07002296AD2D00E13276 /* Project object */;
}
